{
  "projects": [
    {
      "projectId": "3unu7Ga9VoC4K7UxDprt9q",
      "version": "latest",
      "dependencies": {},
      "lang": "ts",
      "fileLocks": [
        {
          "type": "globalVariant",
          "assetId": "Kawom9dsb4u2",
          "checksum": "bfcb82d34e6252b4852150f9e05b9c69"
        },
        {
          "assetId": "3unu7Ga9VoC4K7UxDprt9q",
          "type": "projectCss",
          "checksum": "e8dd3245d053c59e5da622593a062e96"
        },
        {
          "type": "renderModule",
          "assetId": "6KGq7ysfCBAp",
          "checksum": "88cf56c0e9b9abbef09d8f6ab6a77c82"
        },
        {
          "type": "cssRules",
          "assetId": "6KGq7ysfCBAp",
          "checksum": "88cf56c0e9b9abbef09d8f6ab6a77c82"
        },
        {
          "type": "renderModule",
          "assetId": "C340TtQ1qMJ_",
          "checksum": "79b23a6430758197ee33e3d610b116e7"
        },
        {
          "type": "cssRules",
          "assetId": "C340TtQ1qMJ_",
          "checksum": "79b23a6430758197ee33e3d610b116e7"
        },
        {
          "type": "renderModule",
          "assetId": "4Y9rk9do20W5",
          "checksum": "68c5b09fe61ddba9cebcaf20ab1b12de"
        },
        {
          "type": "cssRules",
          "assetId": "4Y9rk9do20W5",
          "checksum": "68c5b09fe61ddba9cebcaf20ab1b12de"
        },
        {
          "type": "renderModule",
          "assetId": "7dtSRzTgoyFA",
          "checksum": "f812a72443a378274fae1f5b4f289833"
        },
        {
          "type": "cssRules",
          "assetId": "7dtSRzTgoyFA",
          "checksum": "f812a72443a378274fae1f5b4f289833"
        },
        {
          "type": "renderModule",
          "assetId": "RWvIvrMYqfam",
          "checksum": "6d4b57110bce4ab863cb975855a4f0c5"
        },
        {
          "type": "cssRules",
          "assetId": "RWvIvrMYqfam",
          "checksum": "6d4b57110bce4ab863cb975855a4f0c5"
        },
        {
          "type": "renderModule",
          "assetId": "UW7RGroEtL6u",
          "checksum": "4e78f21b3ba253c6ec6dc7f068e8cb2f"
        },
        {
          "type": "cssRules",
          "assetId": "UW7RGroEtL6u",
          "checksum": "4e78f21b3ba253c6ec6dc7f068e8cb2f"
        },
        {
          "type": "renderModule",
          "assetId": "SNxDYAIWsvky",
          "checksum": "2ec505871b94f653fefd7562039fb223"
        },
        {
          "type": "cssRules",
          "assetId": "SNxDYAIWsvky",
          "checksum": "2ec505871b94f653fefd7562039fb223"
        },
        {
          "type": "renderModule",
          "assetId": "CxPoe5mhD0gN",
          "checksum": "01287aee40ca9aba01a98b21b9440240"
        },
        {
          "type": "cssRules",
          "assetId": "CxPoe5mhD0gN",
          "checksum": "01287aee40ca9aba01a98b21b9440240"
        },
        {
          "type": "renderModule",
          "assetId": "l8qF1Ymn2krC",
          "checksum": "afb6641bb8f948440506d0b15de99f9e"
        },
        {
          "type": "cssRules",
          "assetId": "l8qF1Ymn2krC",
          "checksum": "afb6641bb8f948440506d0b15de99f9e"
        },
        {
          "type": "renderModule",
          "assetId": "QdBFQkE6cWbZ",
          "checksum": "e720727def03522a42627e0af49a20eb"
        },
        {
          "type": "cssRules",
          "assetId": "QdBFQkE6cWbZ",
          "checksum": "e720727def03522a42627e0af49a20eb"
        },
        {
          "type": "renderModule",
          "assetId": "wsRSyq_ruxlY",
          "checksum": "60aa005fb0a6602b76f09fb3538c8d34"
        },
        {
          "type": "cssRules",
          "assetId": "wsRSyq_ruxlY",
          "checksum": "60aa005fb0a6602b76f09fb3538c8d34"
        },
        {
          "type": "icon",
          "assetId": "gtiXXUGcCZ-V",
          "checksum": "4bf0d2c52e7179262a4e32a8fb76bdc5"
        },
        {
          "type": "icon",
          "assetId": "ZvRFo4Ec-HD0",
          "checksum": "1b16751f7ed9a9dfebb961904cb8a871"
        },
        {
          "type": "icon",
          "assetId": "klyYqHk4mby6",
          "checksum": "96e1a9fe00d5e3f43f36e4f4afdb6d94"
        },
        {
          "type": "icon",
          "assetId": "HESe7zs6nFZx",
          "checksum": "d6ca7d806243af1d8ed2221b6fde8084"
        },
        {
          "type": "icon",
          "assetId": "EZI3azBNTV_Y",
          "checksum": "1c6cfae8e4a135b95e2a3d63a3f118c8"
        },
        {
          "type": "icon",
          "assetId": "G0d2z5k3V34h",
          "checksum": "bf5369d654a2b64ef4321bf7419f03d5"
        },
        {
          "type": "icon",
          "assetId": "PmrSl3B3Y_Bo",
          "checksum": "91f25d6ed6f09909d3863f31ae542c94"
        },
        {
          "type": "icon",
          "assetId": "9LtcV2k0xoKv",
          "checksum": "8464228d8f825e488f82877b3b11c5ca"
        },
        {
          "type": "icon",
          "assetId": "w3YwlOEBY85u",
          "checksum": "dca0d2fcbab9410ed1fbf92f9a4aa794"
        },
        {
          "type": "icon",
          "assetId": "gNLxAggmFn5W",
          "checksum": "88870600ce22d3d07c5bd7d9ca66cac4"
        },
        {
          "type": "icon",
          "assetId": "fDvn1FmAFuPC",
          "checksum": "5b5a6f823a246f3585e9ee186edfd563"
        },
        {
          "type": "icon",
          "assetId": "XxPNNHEnmEve",
          "checksum": "7f6429d83cdc6a6da9fb3e4f31e62caf"
        },
        {
          "type": "icon",
          "assetId": "-P99mQT_CbUV",
          "checksum": "c6b4a3420eb45ede78c323de0420ccbe"
        },
        {
          "type": "icon",
          "assetId": "NCa3W2kHqQxI",
          "checksum": "eb94fe49c10643bfec73d5d6474804de"
        },
        {
          "type": "icon",
          "assetId": "_asRUpKSU6MO",
          "checksum": "b0bb634e34efc6aa22534c7b87f1c2f1"
        },
        {
          "type": "icon",
          "assetId": "tpxER-BVIeaz",
          "checksum": "12137d02380429177956a60140f4ba2e"
        },
        {
          "type": "icon",
          "assetId": "uS7rOhunbD6K",
          "checksum": "2c6b136b85facc35ffe436c0d5a3d214"
        },
        {
          "type": "icon",
          "assetId": "iIrnPESRX7_V",
          "checksum": "a2f73d63815ccd3652ee6a81ab12d4cd"
        },
        {
          "type": "icon",
          "assetId": "3wr_qxFAuywn",
          "checksum": "a280d9e7cb39218a16b115a7e1846749"
        },
        {
          "type": "icon",
          "assetId": "IeO4nxH_Hs09",
          "checksum": "da50a7a97cda875e4fa0b6ae0ed46a85"
        },
        {
          "type": "icon",
          "assetId": "EIzt5BhLRBKE",
          "checksum": "49e0271852d99d326a4697c0571e5b1e"
        },
        {
          "type": "icon",
          "assetId": "QlzLxGntqXaU",
          "checksum": "0cd2c128c56c202adccb26915b7219ef"
        },
        {
          "type": "icon",
          "assetId": "scXQhpKWuZgC",
          "checksum": "3b85dd617cbb4dfb084ae3b405f784d4"
        },
        {
          "type": "icon",
          "assetId": "vTkqrg2biK_O",
          "checksum": "5d74e92d42a2e2f0412f4ef0aaf203d4"
        },
        {
          "type": "icon",
          "assetId": "DkZcMLhiQNho",
          "checksum": "c9c036848702b83f108b3c9f5265ea6e"
        },
        {
          "type": "icon",
          "assetId": "x0ZPnz57SrNd",
          "checksum": "6c6c3166a76a1c1df0b4e96dffc66394"
        },
        {
          "type": "icon",
          "assetId": "UlxvMenxzLoc",
          "checksum": "008b27bd6b8949e538714647e3467cb0"
        },
        {
          "type": "icon",
          "assetId": "3slWfiTHmmRZ",
          "checksum": "613788a5c315e6a16efffaccdabcfeb7"
        },
        {
          "type": "icon",
          "assetId": "e_W6_cyVuRXc",
          "checksum": "b99bdce1fca70c435e6f5b3bc4b7ce4e"
        },
        {
          "type": "icon",
          "assetId": "Vl9DozTV8kzB",
          "checksum": "2f39478d75266e0cdfd887e8226286c9"
        },
        {
          "type": "icon",
          "assetId": "1NYGDlXaBj1G",
          "checksum": "b6858c0b22d36c4d291ef0c7503fb3d9"
        },
        {
          "type": "icon",
          "assetId": "Xq0LOJYmxbVt",
          "checksum": "778b914717eade6597fdf0884cfc5eaa"
        },
        {
          "type": "icon",
          "assetId": "h22gpnPqy-dC",
          "checksum": "0efaf1bcb63b5c20f56866343a817dea"
        },
        {
          "type": "icon",
          "assetId": "dGB23vcLp362",
          "checksum": "98585f076c541c9d827c4ec01831551e"
        },
        {
          "type": "icon",
          "assetId": "wYR6wSwpEAKT",
          "checksum": "ad4a9d5ba398c636d5aae338a0cde050"
        },
        {
          "type": "icon",
          "assetId": "oJUthRuLBN6z",
          "checksum": "bece74c0621148d34f98047e6f52d836"
        },
        {
          "type": "icon",
          "assetId": "yPtchaIProLK",
          "checksum": "8d43c319a1f5739c350968facf211bb3"
        },
        {
          "type": "icon",
          "assetId": "iBToKZjE2mR6",
          "checksum": "9f8db51337012f2c53f918e448f1e8b3"
        },
        {
          "type": "icon",
          "assetId": "QkkDezTTRLfi",
          "checksum": "29eecadf2e8c1266c9846be0db0664b0"
        },
        {
          "type": "image",
          "assetId": "2V7IM3cK2CER",
          "checksum": "50e780d2822750ccdaa6b1b2be4d4f82"
        },
        {
          "type": "image",
          "assetId": "XPe_slZDVNPk",
          "checksum": "093c61fa7afea63d6334abf70fcae1af"
        },
        {
          "type": "image",
          "assetId": "U3v5SO_i3-qV",
          "checksum": "05e8ad01bec2208c1eb9642da07cc095"
        },
        {
          "type": "image",
          "assetId": "IK9KxRLKBzbz",
          "checksum": "299a1e22f671867b66d72c92478d141c"
        },
        {
          "type": "image",
          "assetId": "d3hjCeMI8RwL",
          "checksum": "28ac403564a73f668692b2b820c6e84e"
        },
        {
          "type": "image",
          "assetId": "0ZMAJRwiYA2E",
          "checksum": "c3831aa45b6ecd11a9bdebec47685af5"
        },
        {
          "type": "image",
          "assetId": "eSWSUY64u5v3",
          "checksum": "d8233dcee07b6b37f10b5909f45295e0"
        },
        {
          "type": "image",
          "assetId": "iyEOwwfgYsGR",
          "checksum": "72e8b5d99371b5944f570b474e48f05e"
        },
        {
          "type": "image",
          "assetId": "g6LQeDIYcj1Q",
          "checksum": "bad5d35bfc9002d9ecf660f65d31f713"
        },
        {
          "type": "image",
          "assetId": "Xuql7v2L0b4C",
          "checksum": "c19c45adfbd4fd8da705b1070077931f"
        },
        {
          "type": "image",
          "assetId": "-zWvBZThXcrn",
          "checksum": "51db52a952e781c9b7a739c2c8ee56d3"
        },
        {
          "type": "image",
          "assetId": "_aS9f4WsgKgM",
          "checksum": "df0dc32ee195692bdbecefa6ac62a91e"
        },
        {
          "type": "image",
          "assetId": "C23ib06s3Io5",
          "checksum": "462e3a0c30c92ffbff4a25d67672f0ba"
        },
        {
          "type": "image",
          "assetId": "SzQK1PCHjsBV",
          "checksum": "6d2059f054b1b42ec56abfcd01a63144"
        },
        {
          "type": "image",
          "assetId": "r0C4vOhmeoJp",
          "checksum": "7cb709f7c5960dd683546a3b6dc80883"
        },
        {
          "type": "image",
          "assetId": "rWhPPkb_j5oC",
          "checksum": "312e4e5a630cacb4e4fa0e32dc278220"
        },
        {
          "type": "image",
          "assetId": "FO3mphXr72tq",
          "checksum": "303a9bea69fab17262bcb2691f8ae0f8"
        },
        {
          "type": "image",
          "assetId": "67ujxGKAxNaU",
          "checksum": "c7280cbfa050c89ff458ee53bb0d8b25"
        },
        {
          "type": "image",
          "assetId": "GpbLhpj439W1",
          "checksum": "a0e863b4866323d493f9039961961693"
        },
        {
          "type": "image",
          "assetId": "CkgF3i19hVIP",
          "checksum": "4cbf28f250a4cbe05f7b6dbcf74a0775"
        },
        {
          "type": "image",
          "assetId": "w3pqJ9apF62F",
          "checksum": "be232e26dfdd14f6663e2f9d56b90663"
        },
        {
          "type": "image",
          "assetId": "iwtW0owyvhTc",
          "checksum": "55b2daaa2cced29786af91289933c833"
        },
        {
          "type": "image",
          "assetId": "lTtOHew-Za0j",
          "checksum": "c7271c5cb3b13eb15bd992a8f11bad4f"
        },
        {
          "type": "image",
          "assetId": "Z-7bEOFTLGSP",
          "checksum": "d1a6028e365fda7f8007f1efb47a9f10"
        },
        {
          "type": "image",
          "assetId": "pdK5WTEM7vpd",
          "checksum": "a1cd7636b71ace617df093de2ed5e212"
        },
        {
          "type": "image",
          "assetId": "vQ3tAfWH1To2",
          "checksum": "be0bb713283a5280f51a418e1ae4cd7c"
        },
        {
          "type": "image",
          "assetId": "QdgD84wQya9O",
          "checksum": "3880bed3c2c6a5104b06fae4056e0c7d"
        },
        {
          "type": "image",
          "assetId": "wJIaVeJa8EzD",
          "checksum": "e7cbafb4130c0be0eba2fe19a6c8fb84"
        },
        {
          "type": "image",
          "assetId": "S-v4NFS7rDVE",
          "checksum": "ef5c0216bb02f816cd665361fc438cc4"
        },
        {
          "type": "image",
          "assetId": "NokjfZlqQiT7",
          "checksum": "493b720962cb42e094cf4fb1cb8aef35"
        },
        {
          "type": "image",
          "assetId": "jdOyK-FNESoS",
          "checksum": "3ad08c8ec5ed9bec0abefd5b6c589952"
        },
        {
          "type": "image",
          "assetId": "CLkeqjLnUj-t",
          "checksum": "e56c540b1efdedf38d1d376386c5062a"
        }
      ],
      "codegenVersion": "0.0.1"
    }
  ],
  "cliVersion": "0.1.331"
}
